
Microsoft Visual Studio Solution File, Format Version 12.00
# Visual Studio Version 17
VisualStudioVersion = 17.2.32616.157
MinimumVisualStudioVersion = 10.0.40219.1
Project("{2150E333-8FDC-42A3-9474-1A3956D46DE8}") = "src", "src", "{98F82744-F6F6-4937-ACE0-067B28345BD0}"
EndProject
Project("{9A19103F-16F7-4668-BE54-9A1E7A4F7556}") = "ARQUICAPAS.Application", "ARQUICAPAS.Application\ARQUICAPAS.Application.csproj", "{570E38DD-F972-4055-AD21-FD3F8CBE43B5}"
EndProject
Project("{9A19103F-16F7-4668-BE54-9A1E7A4F7556}") = "ARQUICAPAS.Domain", "ARQUICAPAS.Domain\ARQUICAPAS.Domain.csproj", "{1CC2B8B8-48C1-41D7-ACEA-A60EEDD391A8}"
EndProject
Project("{9A19103F-16F7-4668-BE54-9A1E7A4F7556}") = "ARQUICAPAS.Utilities", "ARQUICAPAS.Utilities\ARQUICAPAS.Utilities.csproj", "{A2192815-CAC1-4D1B-A278-FE00EBF66E1D}"
EndProject
Project("{9A19103F-16F7-4668-BE54-9A1E7A4F7556}") = "ARQUICAPAS.Infrastructure", "ARQUICAPAS.Infrastructure\ARQUICAPAS.Infrastructure.csproj", "{3319D8FF-956F-4B2A-84AA-3A53CA465B55}"
EndProject
Project("{9A19103F-16F7-4668-BE54-9A1E7A4F7556}") = "ARQUICAPAS.WebApi", "ARQUICAPAS.WebApi\ARQUICAPAS.WebApi.csproj", "{E22BEC31-3750-4E70-85E4-D90FB5F0093A}"
EndProject
Project("{2150E333-8FDC-42A3-9474-1A3956D46DE8}") = "TestCrud", "TestCrud", "{53890DC5-6C5F-4532-AA42-13A88D0FC041}"
EndProject
Project("{FAE04EC0-301F-11D3-BF4B-00C04F79EFBC}") = "TestCrud", "TestCrud\TestCrud.csproj", "{6F999E49-8412-4FD7-8710-0F564C085BB4}"
EndProject
Global
	GlobalSection(SolutionConfigurationPlatforms) = preSolution
		Debug|Any CPU = Debug|Any CPU
		Release|Any CPU = Release|Any CPU
	EndGlobalSection
	GlobalSection(ProjectConfigurationPlatforms) = postSolution
		{570E38DD-F972-4055-AD21-FD3F8CBE43B5}.Debug|Any CPU.ActiveCfg = Debug|Any CPU
		{570E38DD-F972-4055-AD21-FD3F8CBE43B5}.Debug|Any CPU.Build.0 = Debug|Any CPU
		{570E38DD-F972-4055-AD21-FD3F8CBE43B5}.Release|Any CPU.ActiveCfg = Release|Any CPU
		{570E38DD-F972-4055-AD21-FD3F8CBE43B5}.Release|Any CPU.Build.0 = Release|Any CPU
		{1CC2B8B8-48C1-41D7-ACEA-A60EEDD391A8}.Debug|Any CPU.ActiveCfg = Debug|Any CPU
		{1CC2B8B8-48C1-41D7-ACEA-A60EEDD391A8}.Debug|Any CPU.Build.0 = Debug|Any CPU
		{1CC2B8B8-48C1-41D7-ACEA-A60EEDD391A8}.Release|Any CPU.ActiveCfg = Release|Any CPU
		{1CC2B8B8-48C1-41D7-ACEA-A60EEDD391A8}.Release|Any CPU.Build.0 = Release|Any CPU
		{A2192815-CAC1-4D1B-A278-FE00EBF66E1D}.Debug|Any CPU.ActiveCfg = Debug|Any CPU
		{A2192815-CAC1-4D1B-A278-FE00EBF66E1D}.Debug|Any CPU.Build.0 = Debug|Any CPU
		{A2192815-CAC1-4D1B-A278-FE00EBF66E1D}.Release|Any CPU.ActiveCfg = Release|Any CPU
		{A2192815-CAC1-4D1B-A278-FE00EBF66E1D}.Release|Any CPU.Build.0 = Release|Any CPU
		{3319D8FF-956F-4B2A-84AA-3A53CA465B55}.Debug|Any CPU.ActiveCfg = Debug|Any CPU
		{3319D8FF-956F-4B2A-84AA-3A53CA465B55}.Debug|Any CPU.Build.0 = Debug|Any CPU
		{3319D8FF-956F-4B2A-84AA-3A53CA465B55}.Release|Any CPU.ActiveCfg = Release|Any CPU
		{3319D8FF-956F-4B2A-84AA-3A53CA465B55}.Release|Any CPU.Build.0 = Release|Any CPU
		{E22BEC31-3750-4E70-85E4-D90FB5F0093A}.Debug|Any CPU.ActiveCfg = Debug|Any CPU
		{E22BEC31-3750-4E70-85E4-D90FB5F0093A}.Debug|Any CPU.Build.0 = Debug|Any CPU
		{E22BEC31-3750-4E70-85E4-D90FB5F0093A}.Release|Any CPU.ActiveCfg = Release|Any CPU
		{E22BEC31-3750-4E70-85E4-D90FB5F0093A}.Release|Any CPU.Build.0 = Release|Any CPU
		{6F999E49-8412-4FD7-8710-0F564C085BB4}.Debug|Any CPU.ActiveCfg = Debug|Any CPU
		{6F999E49-8412-4FD7-8710-0F564C085BB4}.Debug|Any CPU.Build.0 = Debug|Any CPU
		{6F999E49-8412-4FD7-8710-0F564C085BB4}.Release|Any CPU.ActiveCfg = Release|Any CPU
		{6F999E49-8412-4FD7-8710-0F564C085BB4}.Release|Any CPU.Build.0 = Release|Any CPU
	EndGlobalSection
	GlobalSection(SolutionProperties) = preSolution
		HideSolutionNode = FALSE
	EndGlobalSection
	GlobalSection(NestedProjects) = preSolution
		{570E38DD-F972-4055-AD21-FD3F8CBE43B5} = {98F82744-F6F6-4937-ACE0-067B28345BD0}
		{1CC2B8B8-48C1-41D7-ACEA-A60EEDD391A8} = {98F82744-F6F6-4937-ACE0-067B28345BD0}
		{A2192815-CAC1-4D1B-A278-FE00EBF66E1D} = {98F82744-F6F6-4937-ACE0-067B28345BD0}
		{3319D8FF-956F-4B2A-84AA-3A53CA465B55} = {98F82744-F6F6-4937-ACE0-067B28345BD0}
		{E22BEC31-3750-4E70-85E4-D90FB5F0093A} = {98F82744-F6F6-4937-ACE0-067B28345BD0}
		{6F999E49-8412-4FD7-8710-0F564C085BB4} = {53890DC5-6C5F-4532-AA42-13A88D0FC041}
	EndGlobalSection
	GlobalSection(ExtensibilityGlobals) = postSolution
		SolutionGuid = {00B9A4BF-190C-40BC-BB96-5F4C8F2D900A}
	EndGlobalSection
EndGlobal
